// !$*UTF8*$!
{
	archiveVersion = 1;
	classes = {
	};
	objectVersion = 56;
	objects = {

/* Begin PBXBuildFile section */
		CDD543752A0CFA2A00DCD85C /* AppDelegate.swift in Sources */ = {isa = PBXBuildFile; fileRef = CDD543742A0CFA2A00DCD85C /* AppDelegate.swift */; };
		CDD543772A0CFA2A00DCD85C /* SceneDelegate.swift in Sources */ = {isa = PBXBuildFile; fileRef = CDD543762A0CFA2A00DCD85C /* SceneDelegate.swift */; };
		CDD543792A0CFA2A00DCD85C /* ViewController.swift in Sources */ = {isa = PBXBuildFile; fileRef = CDD543782A0CFA2A00DCD85C /* ViewController.swift */; };
		CDD5437C2A0CFA2A00DCD85C /* Main.storyboard in Resources */ = {isa = PBXBuildFile; fileRef = CDD5437A2A0CFA2A00DCD85C /* Main.storyboard */; };
		CDD5437E2A0CFA2B00DCD85C /* Assets.xcassets in Resources */ = {isa = PBXBuildFile; fileRef = CDD5437D2A0CFA2B00DCD85C /* Assets.xcassets */; };
		CDD543812A0CFA2B00DCD85C /* LaunchScreen.storyboard in Resources */ = {isa = PBXBuildFile; fileRef = CDD5437F2A0CFA2B00DCD85C /* LaunchScreen.storyboard */; };
		CDD5438C2A0CFA2B00DCD85C /* helloTests.swift in Sources */ = {isa = PBXBuildFile; fileRef = CDD5438B2A0CFA2B00DCD85C /* helloTests.swift */; };
		CDD543962A0CFA2C00DCD85C /* helloUITests.swift in Sources */ = {isa = PBXBuildFile; fileRef = CDD543952A0CFA2C00DCD85C /* helloUITests.swift */; };
		CDD543982A0CFA2C00DCD85C /* helloUITestsLaunchTests.swift in Sources */ = {isa = PBXBuildFile; fileRef = CDD543972A0CFA2C00DCD85C /* helloUITestsLaunchTests.swift */; };
/* End PBXBuildFile section */

/* Begin PBXContainerItemProxy section */
		CDD543882A0CFA2B00DCD85C /* PBXContainerItemProxy */ = {
			isa = PBXContainerItemProxy;
			containerPortal = CDD543692A0CFA2A00DCD85C /* Project object */;
			proxyType = 1;
			remoteGlobalIDString = CDD543702A0CFA2A00DCD85C;
			remoteInfo = hello;
		};
		CDD543922A0CFA2C00DCD85C /* PBXContainerItemProxy */ = {
			isa = PBXContainerItemProxy;
			containerPortal = CDD543692A0CFA2A00DCD85C /* Project object */;
			proxyType = 1;
			remoteGlobalIDString = CDD543702A0CFA2A00DCD85C;
			remoteInfo = hello;
		};
/* End PBXContainerItemProxy section */

/* Begin PBXFileReference section */
		CDD543712A0CFA2A00DCD85C /* hello.app */ = {isa = PBXFileReference; explicitFileType = wrapper.application; includeInIndex = 0; path = hello.app; sourceTree = BUILT_PRODUCTS_DIR; };
		CDD543742A0CFA2A00DCD85C /* AppDelegate.swift */ = {isa = PBXFileReference; lastKnownFileType = sourcecode.swift; path = AppDelegate.swift; sourceTree = "<group>"; };
		CDD543762A0CFA2A00DCD85C /* SceneDelegate.swift */ = {isa = PBXFileReference; lastKnownFileType = sourcecode.swift; path = SceneDelegate.swift; sourceTree = "<group>"; };
		CDD543782A0CFA2A00DCD85C /* ViewController.swift */ = {isa = PBXFileReference; lastKnownFileType = sourcecode.swift; path = ViewController.swift; sourceTree = "<group>"; };
		CDD5437B2A0CFA2A00DCD85C /* Base */ = {isa = PBXFileReference; lastKnownFileType = file.storyboard; name = Base; path = Base.lproj/Main.storyboard; sourceTree = "<group>"; };
		CDD5437D2A0CFA2B00DCD85C /* Assets.xcassets */ = {isa = PBXFileReference; lastKnownFileType = folder.assetcatalog; path = Assets.xcassets; sourceTree = "<group>"; };
		CDD543802A0CFA2B00DCD85C /* Base */ = {isa = PBXFileReference; lastKnownFileType = file.storyboard; name = Base; path = Base.lproj/LaunchScreen.storyboard; sourceTree = "<group>"; };
		CDD543822A0CFA2B00DCD85C /* Info.plist */ = {isa = PBXFileReference; lastKnownFileType = text.plist.xml; path = Info.plist; sourceTree = "<group>"; };
		CDD543872A0CFA2B00DCD85C /* helloTests.xctest */ = {isa = PBXFileReference; explicitFileType = wrapper.cfbundle; includeInIndex = 0; path = helloTests.xctest; sourceTree = BUILT_PRODUCTS_DIR; };
		CDD5438B2A0CFA2B00DCD85C /* helloTests.swift */ = {isa = PBXFileReference; lastKnownFileType = sourcecode.swift; path = helloTests.swift; sourceTree = "<group>"; };
		CDD543912A0CFA2C00DCD85C /* helloUITests.xctest */ = {isa = PBXFileReference; explicitFileType = wrapper.cfbundle; includeInIndex = 0; path = helloUITests.xctest; sourceTree = BUILT_PRODUCTS_DIR; };
		CDD543952A0CFA2C00DCD85C /* helloUITests.swift */ = {isa = PBXFileReference; lastKnownFileType = sourcecode.swift; path = helloUITests.swift; sourceTree = "<group>"; };
		CDD543972A0CFA2C00DCD85C /* helloUITestsLaunchTests.swift */ = {isa = PBXFileReference; lastKnownFileType = sourcecode.swift; path = helloUITestsLaunchTests.swift; sourceTree = "<group>"; };
/* End PBXFileReference section */

/* Begin PBXFrameworksBuildPhase section */
		CDD5436E2A0CFA2A00DCD85C /* Frameworks */ = {
			isa = PBXFrameworksBuildPhase;
			buildActionMask = 2147483647;
			files = (
			);
			runOnlyForDeploymentPostprocessing = 0;
		};
		CDD543842A0CFA2B00DCD85C /* Frameworks */ = {
			isa = PBXFrameworksBuildPhase;
			buildActionMask = 2147483647;
			files = (
			);
			runOnlyForDeploymentPostprocessing = 0;
		};
		CDD5438E2A0CFA2C00DCD85C /* Frameworks */ = {
			isa = PBXFrameworksBuildPhase;
			buildActionMask = 2147483647;
			files = (
			);
			runOnlyForDeploymentPostprocessing = 0;
		};
/* End PBXFrameworksBuildPhase section */

/* Begin PBXGroup section */
		CDD543682A0CFA2A00DCD85C = {
			isa = PBXGroup;
			children = (
				CDD543732A0CFA2A00DCD85C /* hello */,
				CDD5438A2A0CFA2B00DCD85C /* helloTests */,
				CDD543942A0CFA2C00DCD85C /* helloUITests */,
				CDD543722A0CFA2A00DCD85C /* Products */,
			);
			sourceTree = "<group>";
		};
		CDD543722A0CFA2A00DCD85C /* Products */ = {
			isa = PBXGroup;
			children = (
				CDD543712A0CFA2A00DCD85C /* hello.app */,
				CDD543872A0CFA2B00DCD85C /* helloTests.xctest */,
				CDD543912A0CFA2C00DCD85C /* helloUITests.xctest */,
			);
			name = Products;
			sourceTree = "<group>";
		};
		CDD543732A0CFA2A00DCD85C /* hello */ = {
			isa = PBXGroup;
			children = (
				CDD543742A0CFA2A00DCD85C /* AppDelegate.swift */,
				CDD543762A0CFA2A00DCD85C /* SceneDelegate.swift */,
				CDD543782A0CFA2A00DCD85C /* ViewController.swift */,
				CDD5437A2A0CFA2A00DCD85C /* Main.storyboard */,
				CDD5437D2A0CFA2B00DCD85C /* Assets.xcassets */,
				CDD5437F2A0CFA2B00DCD85C /* LaunchScreen.storyboard */,
				CDD543822A0CFA2B00DCD85C /* Info.plist */,
			);
			path = hello;
			sourceTree = "<group>";
		};
		CDD5438A2A0CFA2B00DCD85C /* helloTests */ = {
			isa = PBXGroup;
			children = (
				CDD5438B2A0CFA2B00DCD85C /* helloTests.swift */,
			);
			path = helloTests;
			sourceTree = "<group>";
		};
		CDD543942A0CFA2C00DCD85C /* helloUITests */ = {
			isa = PBXGroup;
			children = (
				CDD543952A0CFA2C00DCD85C /* helloUITests.swift */,
				CDD543972A0CFA2C00DCD85C /* helloUITestsLaunchTests.swift */,
			);
			path = helloUITests;
			sourceTree = "<group>";
		};
/* End PBXGroup section */

/* Begin PBXNativeTarget section */
		CDD543702A0CFA2A00DCD85C /* hello */ = {
			isa = PBXNativeTarget;
			buildConfigurationList = CDD5439B2A0CFA2C00DCD85C /* Build configuration list for PBXNativeTarget "hello" */;
			buildPhases = (
				CDD5436D2A0CFA2A00DCD85C /* Sources */,
				CDD5436E2A0CFA2A00DCD85C /* Frameworks */,
				CDD5436F2A0CFA2A00DCD85C /* Resources */,
			);
			buildRules = (
			);
			dependencies = (
			);
			name = hello;
			productName = hello;
			productReference = CDD543712A0CFA2A00DCD85C /* hello.app */;
			productType = "com.apple.product-type.application";
		};
		CDD543862A0CFA2B00DCD85C /* helloTests */ = {
			isa = PBXNativeTarget;
			buildConfigurationList = CDD5439E2A0CFA2C00DCD85C /* Build configuration list for PBXNativeTarget "helloTests" */;
			buildPhases = (
				CDD543832A0CFA2B00DCD85C /* Sources */,
				CDD543842A0CFA2B00DCD85C /* Frameworks */,
				CDD543852A0CFA2B00DCD85C /* Resources */,
			);
			buildRules = (
			);
			dependencies = (
				CDD543892A0CFA2B00DCD85C /* PBXTargetDependency */,
			);
			name = helloTests;
			productName = helloTests;
			productReference = CDD543872A0CFA2B00DCD85C /* helloTests.xctest */;
			productType = "com.apple.product-type.bundle.unit-test";
		};
		CDD543902A0CFA2C00DCD85C /* helloUITests */ = {
			isa = PBXNativeTarget;
			buildConfigurationList = CDD543A12A0CFA2C00DCD85C /* Build configuration list for PBXNativeTarget "helloUITests" */;
			buildPhases = (
				CDD5438D2A0CFA2C00DCD85C /* Sources */,
				CDD5438E2A0CFA2C00DCD85C /* Frameworks */,
				CDD5438F2A0CFA2C00DCD85C /* Resources */,
			);
			buildRules = (
			);
			dependencies = (
				CDD543932A0CFA2C00DCD85C /* PBXTargetDependency */,
			);
			name = helloUITests;
			productName = helloUITests;
			productReference = CDD543912A0CFA2C00DCD85C /* helloUITests.xctest */;
			productType = "com.apple.product-type.bundle.ui-testing";
		};
/* End PBXNativeTarget section */

/* Begin PBXProject section */
		CDD543692A0CFA2A00DCD85C /* Project object */ = {
			isa = PBXProject;
			attributes = {
				BuildIndependentTargetsInParallel = 1;
				LastSwiftUpdateCheck = 1430;
				LastUpgradeCheck = 1430;
				TargetAttributes = {
					CDD543702A0CFA2A00DCD85C = {
						CreatedOnToolsVersion = 14.3;
					};
					CDD543862A0CFA2B00DCD85C = {
						CreatedOnToolsVersion = 14.3;
						TestTargetID = CDD543702A0CFA2A00DCD85C;
					};
					CDD543902A0CFA2C00DCD85C = {
						CreatedOnToolsVersion = 14.3;
						TestTargetID = CDD543702A0CFA2A00DCD85C;
					};
				};
			};
			buildConfigurationList = CDD5436C2A0CFA2A00DCD85C /* Build configuration list for PBXProject "hello" */;
			compatibilityVersion = "Xcode 14.0";
			developmentRegion = en;
			hasScannedForEncodings = 0;
			knownRegions = (
				en,
				Base,
			);
			mainGroup = CDD543682A0CFA2A00DCD85C;
			productRefGroup = CDD543722A0CFA2A00DCD85C /* Products */;
			projectDirPath = "";
			projectRoot = "";
			targets = (
				CDD543702A0CFA2A00DCD85C /* hello */,
				CDD543862A0CFA2B00DCD85C /* helloTests */,
				CDD543902A0CFA2C00DCD85C /* helloUITests */,
			);
		};
/* End PBXProject section */

/* Begin PBXResourcesBuildPhase section */
		CDD5436F2A0CFA2A00DCD85C /* Resources */ = {
			isa = PBXResourcesBuildPhase;
			buildActionMask = 2147483647;
			files = (
				CDD543812A0CFA2B00DCD85C /* LaunchScreen.storyboard in Resources */,
				CDD5437E2A0CFA2B00DCD85C /* Assets.xcassets in Resources */,
				CDD5437C2A0CFA2A00DCD85C /* Main.storyboard in Resources */,
			);
			runOnlyForDeploymentPostprocessing = 0;
		};
		CDD543852A0CFA2B00DCD85C /* Resources */ = {
			isa = PBXResourcesBuildPhase;
			buildActionMask = 2147483647;
			files = (
			);
			runOnlyForDeploymentPostprocessing = 0;
		};
		CDD5438F2A0CFA2C00DCD85C /* Resources */ = {
			isa = PBXResourcesBuildPhase;
			buildActionMask = 2147483647;
			files = (
			);
			runOnlyForDeploymentPostprocessing = 0;
		};
/* End PBXResourcesBuildPhase section */

/* Begin PBXSourcesBuildPhase section */
		CDD5436D2A0CFA2A00DCD85C /* Sources */ = {
			isa = PBXSourcesBuildPhase;
			buildActionMask = 2147483647;
			files = (
				CDD543792A0CFA2A00DCD85C /* ViewController.swift in Sources */,
				CDD543752A0CFA2A00DCD85C /* AppDelegate.swift in Sources */,
				CDD543772A0CFA2A00DCD85C /* SceneDelegate.swift in Sources */,
			);
			runOnlyForDeploymentPostprocessing = 0;
		};
		CDD543832A0CFA2B00DCD85C /* Sources */ = {
			isa = PBXSourcesBuildPhase;
			buildActionMask = 2147483647;
			files = (
				CDD5438C2A0CFA2B00DCD85C /* helloTests.swift in Sources */,
			);
			runOnlyForDeploymentPostprocessing = 0;
		};
		CDD5438D2A0CFA2C00DCD85C /* Sources */ = {
			isa = PBXSourcesBuildPhase;
			buildActionMask = 2147483647;
			files = (
				CDD543962A0CFA2C00DCD85C /* helloUITests.swift in Sources */,
				CDD543982A0CFA2C00DCD85C /* helloUITestsLaunchTests.swift in Sources */,
			);
			runOnlyForDeploymentPostprocessing = 0;
		};
/* End PBXSourcesBuildPhase section */

/* Begin PBXTargetDependency section */
		CDD543892A0CFA2B00DCD85C /* PBXTargetDependency */ = {
			isa = PBXTargetDependency;
			target = CDD543702A0CFA2A00DCD85C /* hello */;
			targetProxy = CDD543882A0CFA2B00DCD85C /* PBXContainerItemProxy */;
		};
		CDD543932A0CFA2C00DCD85C /* PBXTargetDependency */ = {
			isa = PBXTargetDependency;
			target = CDD543702A0CFA2A00DCD85C /* hello */;
			targetProxy = CDD543922A0CFA2C00DCD85C /* PBXContainerItemProxy */;
		};
/* End PBXTargetDependency section */

/* Begin PBXVariantGroup section */
		CDD5437A2A0CFA2A00DCD85C /* Main.storyboard */ = {
			isa = PBXVariantGroup;
			children = (
				CDD5437B2A0CFA2A00DCD85C /* Base */,
			);
			name = Main.storyboard;
			sourceTree = "<group>";
		};
		CDD5437F2A0CFA2B00DCD85C /* LaunchScreen.storyboard */ = {
			isa = PBXVariantGroup;
			children = (
				CDD543802A0CFA2B00DCD85C /* Base */,
			);
			name = LaunchScreen.storyboard;
			sourceTree = "<group>";
		};
/* End PBXVariantGroup section */

/* Begin XCBuildConfiguration section */
		CDD543992A0CFA2C00DCD85C /* Debug */ = {
			isa = XCBuildConfiguration;
			buildSettings = {
				ALWAYS_SEARCH_USER_PATHS = NO;
				CLANG_ANALYZER_NONNULL = YES;
				CLANG_ANALYZER_NUMBER_OBJECT_CONVERSION = YES_AGGRESSIVE;
				CLANG_CXX_LANGUAGE_STANDARD = "gnu++20";
				CLANG_ENABLE_MODULES = YES;
				CLANG_ENABLE_OBJC_ARC = YES;
				CLANG_ENABLE_OBJC_WEAK = YES;
				CLANG_WARN_BLOCK_CAPTURE_AUTORELEASING = YES;
				CLANG_WARN_BOOL_CONVERSION = YES;
				CLANG_WARN_COMMA = YES;
				CLANG_WARN_CONSTANT_CONVERSION = YES;
				CLANG_WARN_DEPRECATED_OBJC_IMPLEMENTATIONS = YES;
				CLANG_WARN_DIRECT_OBJC_ISA_USAGE = YES_ERROR;
				CLANG_WARN_DOCUMENTATION_COMMENTS = YES;
				CLANG_WARN_EMPTY_BODY = YES;
				CLANG_WARN_ENUM_CONVERSION = YES;
				CLANG_WARN_INFINITE_RECURSION = YES;
				CLANG_WARN_INT_CONVERSION = YES;
				CLANG_WARN_NON_LITERAL_NULL_CONVERSION = YES;
				CLANG_WARN_OBJC_IMPLICIT_RETAIN_SELF = YES;
				CLANG_WARN_OBJC_LITERAL_CONVERSION = YES;
				CLANG_WARN_OBJC_ROOT_CLASS = YES_ERROR;
				CLANG_WARN_QUOTED_INCLUDE_IN_FRAMEWORK_HEADER = YES;
				CLANG_WARN_RANGE_LOOP_ANALYSIS = YES;
				CLANG_WARN_STRICT_PROTOTYPES = YES;
				CLANG_WARN_SUSPICIOUS_MOVE = YES;
				CLANG_WARN_UNGUARDED_AVAILABILITY = YES_AGGRESSIVE;
				CLANG_WARN_UNREACHABLE_CODE = YES;
				CLANG_WARN__DUPLICATE_METHOD_MATCH = YES;
				COPY_PHASE_STRIP = NO;
				DEBUG_INFORMATION_FORMAT = dwarf;
				ENABLE_STRICT_OBJC_MSGSEND = YES;
				ENABLE_TESTABILITY = YES;
				GCC_C_LANGUAGE_STANDARD = gnu11;
				GCC_DYNAMIC_NO_PIC = NO;
				GCC_NO_COMMON_BLOCKS = YES;
				GCC_OPTIMIZATION_LEVEL = 0;
				GCC_PREPROCESSOR_DEFINITIONS = (
					"DEBUG=1",
					"$(inherited)",
				);
				GCC_WARN_64_TO_32_BIT_CONVERSION = YES;
				GCC_WARN_ABOUT_RETURN_TYPE = YES_ERROR;
				GCC_WARN_UNDECLARED_SELECTOR = YES;
				GCC_WARN_UNINITIALIZED_AUTOS = YES_AGGRESSIVE;
				GCC_WARN_UNUSED_FUNCTION = YES;
				GCC_WARN_UNUSED_VARIABLE = YES;
				IPHONEOS_DEPLOYMENT_TARGET = 16.4;
				MTL_ENABLE_DEBUG_INFO = INCLUDE_SOURCE;
				MTL_FAST_MATH = YES;
				ONLY_ACTIVE_ARCH = YES;
				SDKROOT = iphoneos;
				SWIFT_ACTIVE_COMPILATION_CONDITIONS = DEBUG;
				SWIFT_OPTIMIZATION_LEVEL = "-Onone";
			};
			name = Debug;
		};
		CDD5439A2A0CFA2C00DCD85C /* Release */ = {
			isa = XCBuildConfiguration;
			buildSettings = {
				ALWAYS_SEARCH_USER_PATHS = NO;
				CLANG_ANALYZER_NONNULL = YES;
				CLANG_ANALYZER_NUMBER_OBJECT_CONVERSION = YES_AGGRESSIVE;
				CLANG_CXX_LANGUAGE_STANDARD = "gnu++20";
				CLANG_ENABLE_MODULES = YES;
				CLANG_ENABLE_OBJC_ARC = YES;
				CLANG_ENABLE_OBJC_WEAK = YES;
				CLANG_WARN_BLOCK_CAPTURE_AUTORELEASING = YES;
				CLANG_WARN_BOOL_CONVERSION = YES;
				CLANG_WARN_COMMA = YES;
				CLANG_WARN_CONSTANT_CONVERSION = YES;
				CLANG_WARN_DEPRECATED_OBJC_IMPLEMENTATIONS = YES;
				CLANG_WARN_DIRECT_OBJC_ISA_USAGE = YES_ERROR;
				CLANG_WARN_DOCUMENTATION_COMMENTS = YES;
				CLANG_WARN_EMPTY_BODY = YES;
				CLANG_WARN_ENUM_CONVERSION = YES;
				CLANG_WARN_INFINITE_RECURSION = YES;
				CLANG_WARN_INT_CONVERSION = YES;
				CLANG_WARN_NON_LITERAL_NULL_CONVERSION = YES;
				CLANG_WARN_OBJC_IMPLICIT_RETAIN_SELF = YES;
				CLANG_WARN_OBJC_LITERAL_CONVERSION = YES;
				CLANG_WARN_OBJC_ROOT_CLASS = YES_ERROR;
				CLANG_WARN_QUOTED_INCLUDE_IN_FRAMEWORK_HEADER = YES;
				CLANG_WARN_RANGE_LOOP_ANALYSIS = YES;
				CLANG_WARN_STRICT_PROTOTYPES = YES;
				CLANG_WARN_SUSPICIOUS_MOVE = YES;
				CLANG_WARN_UNGUARDED_AVAILABILITY = YES_AGGRESSIVE;
				CLANG_WARN_UNREACHABLE_CODE = YES;
				CLANG_WARN__DUPLICATE_METHOD_MATCH = YES;
				COPY_PHASE_STRIP = NO;
				DEBUG_INFORMATION_FORMAT = "dwarf-with-dsym";
				ENABLE_NS_ASSERTIONS = NO;
				ENABLE_STRICT_OBJC_MSGSEND = YES;
				GCC_C_LANGUAGE_STANDARD = gnu11;
				GCC_NO_COMMON_BLOCKS = YES;
				GCC_WARN_64_TO_32_BIT_CONVERSION = YES;
				GCC_WARN_ABOUT_RETURN_TYPE = YES_ERROR;
				GCC_WARN_UNDECLARED_SELECTOR = YES;
				GCC_WARN_UNINITIALIZED_AUTOS = YES_AGGRESSIVE;
				GCC_WARN_UNUSED_FUNCTION = YES;
				GCC_WARN_UNUSED_VARIABLE = YES;
				IPHONEOS_DEPLOYMENT_TARGET = 16.4;
				MTL_ENABLE_DEBUG_INFO = NO;
				MTL_FAST_MATH = YES;
				SDKROOT = iphoneos;
				SWIFT_COMPILATION_MODE = wholemodule;
				SWIFT_OPTIMIZATION_LEVEL = "-O";
				VALIDATE_PRODUCT = YES;
			};
			name = Release;
		};
		CDD5439C2A0CFA2C00DCD85C /* Debug */ = {
			isa = XCBuildConfiguration;
			buildSettings = {
				ASSETCATALOG_COMPILER_APPICON_NAME = AppIcon;
				ASSETCATALOG_COMPILER_GLOBAL_ACCENT_COLOR_NAME = AccentColor;
				CODE_SIGN_STYLE = Automatic;
				CURRENT_PROJECT_VERSION = 1;
				GENERATE_INFOPLIST_FILE = YES;
				INFOPLIST_FILE = hello/Info.plist;
				INFOPLIST_KEY_UIApplicationSupportsIndirectInputEvents = YES;
				INFOPLIST_KEY_UILaunchStoryboardName = LaunchScreen;
				INFOPLIST_KEY_UIMainStoryboardFile = Main;
				INFOPLIST_KEY_UISupportedInterfaceOrientations_iPad = "UIInterfaceOrientationPortrait UIInterfaceOrientationPortraitUpsideDown UIInterfaceOrientationLandscapeLeft UIInterfaceOrientationLandscapeRight";
				INFOPLIST_KEY_UISupportedInterfaceOrientations_iPhone = "UIInterfaceOrientationPortrait UIInterfaceOrientationLandscapeLeft UIInterfaceOrientationLandscapeRight";
				LD_RUNPATH_SEARCH_PATHS = (
					"$(inherited)",
					"@executable_path/Frameworks",
				);
				MARKETING_VERSION = 1.0;
				PRODUCT_BUNDLE_IDENTIFIER = com.aziza.hello;
				PRODUCT_NAME = "$(TARGET_NAME)";
				SWIFT_EMIT_LOC_STRINGS = YES;
				SWIFT_VERSION = 5.0;
				TARGETED_DEVICE_FAMILY = "1,2";
			};
			name = Debug;
		};
		CDD5439D2A0CFA2C00DCD85C /* Release */ = {
			isa = XCBuildConfiguration;
			buildSettings = {
				ASSETCATALOG_COMPILER_APPICON_NAME = AppIcon;
				ASSETCATALOG_COMPILER_GLOBAL_ACCENT_COLOR_NAME = AccentColor;
				CODE_SIGN_STYLE = Automatic;
				CURRENT_PROJECT_VERSION = 1;
				GENERATE_INFOPLIST_FILE = YES;
				INFOPLIST_FILE = hello/Info.plist;
				INFOPLIST_KEY_UIApplicationSupportsIndirectInputEvents = YES;
				INFOPLIST_KEY_UILaunchStoryboardName = LaunchScreen;
				INFOPLIST_KEY_UIMainStoryboardFile = Main;
				INFOPLIST_KEY_UISupportedInterfaceOrientations_iPad = "UIInterfaceOrientationPortrait UIInterfaceOrientationPortraitUpsideDown UIInterfaceOrientationLandscapeLeft UIInterfaceOrientationLandscapeRight";
				INFOPLIST_KEY_UISupportedInterfaceOrientations_iPhone = "UIInterfaceOrientationPortrait UIInterfaceOrientationLandscapeLeft UIInterfaceOrientationLandscapeRight";
				LD_RUNPATH_SEARCH_PATHS = (
					"$(inherited)",
					"@executable_path/Frameworks",
				);
				MARKETING_VERSION = 1.0;
				PRODUCT_BUNDLE_IDENTIFIER = com.aziza.hello;
				PRODUCT_NAME = "$(TARGET_NAME)";
				SWIFT_EMIT_LOC_STRINGS = YES;
				SWIFT_VERSION = 5.0;
				TARGETED_DEVICE_FAMILY = "1,2";
			};
			name = Release;
		};
		CDD5439F2A0CFA2C00DCD85C /* Debug */ = {
			isa = XCBuildConfiguration;
			buildSettings = {
				ALWAYS_EMBED_SWIFT_STANDARD_LIBRARIES = YES;
				BUNDLE_LOADER = "$(TEST_HOST)";
				CODE_SIGN_STYLE = Automatic;
				CURRENT_PROJECT_VERSION = 1;
				GENERATE_INFOPLIST_FILE = YES;
				IPHONEOS_DEPLOYMENT_TARGET = 16.4;
				MARKETING_VERSION = 1.0;
				PRODUCT_BUNDLE_IDENTIFIER = com.aziza.helloTests;
				PRODUCT_NAME = "$(TARGET_NAME)";
				SWIFT_EMIT_LOC_STRINGS = NO;
				SWIFT_VERSION = 5.0;
				TARGETED_DEVICE_FAMILY = "1,2";
				TEST_HOST = "$(BUILT_PRODUCTS_DIR)/hello.app/$(BUNDLE_EXECUTABLE_FOLDER_PATH)/hello";
			};
			name = Debug;
		};
		CDD543A02A0CFA2C00DCD85C /* Release */ = {
			isa = XCBuildConfiguration;
			buildSettings = {
				ALWAYS_EMBED_SWIFT_STANDARD_LIBRARIES = YES;
				BUNDLE_LOADER = "$(TEST_HOST)";
				CODE_SIGN_STYLE = Automatic;
				CURRENT_PROJECT_VERSION = 1;
				GENERATE_INFOPLIST_FILE = YES;
				IPHONEOS_DEPLOYMENT_TARGET = 16.4;
				MARKETING_VERSION = 1.0;
				PRODUCT_BUNDLE_IDENTIFIER = com.aziza.helloTests;
				PRODUCT_NAME = "$(TARGET_NAME)";
				SWIFT_EMIT_LOC_STRINGS = NO;
				SWIFT_VERSION = 5.0;
				TARGETED_DEVICE_FAMILY = "1,2";
				TEST_HOST = "$(BUILT_PRODUCTS_DIR)/hello.app/$(BUNDLE_EXECUTABLE_FOLDER_PATH)/hello";
			};
			name = Release;
		};
		CDD543A22A0CFA2C00DCD85C /* Debug */ = {
			isa = XCBuildConfiguration;
			buildSettings = {
				ALWAYS_EMBED_SWIFT_STANDARD_LIBRARIES = YES;
				CODE_SIGN_STYLE = Automatic;
				CURRENT_PROJECT_VERSION = 1;
				GENERATE_INFOPLIST_FILE = YES;
				MARKETING_VERSION = 1.0;
				PRODUCT_BUNDLE_IDENTIFIER = com.aziza.helloUITests;
				PRODUCT_NAME = "$(TARGET_NAME)";
				SWIFT_EMIT_LOC_STRINGS = NO;
				SWIFT_VERSION = 5.0;
				TARGETED_DEVICE_FAMILY = "1,2";
				TEST_TARGET_NAME = hello;
			};
			name = Debug;
		};
		CDD543A32A0CFA2C00DCD85C /* Release */ = {
			isa = XCBuildConfiguration;
			buildSettings = {
				ALWAYS_EMBED_SWIFT_STANDARD_LIBRARIES = YES;
				CODE_SIGN_STYLE = Automatic;
				CURRENT_PROJECT_VERSION = 1;
				GENERATE_INFOPLIST_FILE = YES;
				MARKETING_VERSION = 1.0;
				PRODUCT_BUNDLE_IDENTIFIER = com.aziza.helloUITests;
				PRODUCT_NAME = "$(TARGET_NAME)";
				SWIFT_EMIT_LOC_STRINGS = NO;
				SWIFT_VERSION = 5.0;
				TARGETED_DEVICE_FAMILY = "1,2";
				TEST_TARGET_NAME = hello;
			};
			name = Release;
		};
/* End XCBuildConfiguration section */

/* Begin XCConfigurationList section */
		CDD5436C2A0CFA2A00DCD85C /* Build configuration list for PBXProject "hello" */ = {
			isa = XCConfigurationList;
			buildConfigurations = (
				CDD543992A0CFA2C00DCD85C /* Debug */,
				CDD5439A2A0CFA2C00DCD85C /* Release */,
			);
			defaultConfigurationIsVisible = 0;
			defaultConfigurationName = Release;
		};
		CDD5439B2A0CFA2C00DCD85C /* Build configuration list for PBXNativeTarget "hello" */ = {
			isa = XCConfigurationList;
			buildConfigurations = (
				CDD5439C2A0CFA2C00DCD85C /* Debug */,
				CDD5439D2A0CFA2C00DCD85C /* Release */,
			);
			defaultConfigurationIsVisible = 0;
			defaultConfigurationName = Release;
		};
		CDD5439E2A0CFA2C00DCD85C /* Build configuration list for PBXNativeTarget "helloTests" */ = {
			isa = XCConfigurationList;
			buildConfigurations = (
				CDD5439F2A0CFA2C00DCD85C /* Debug */,
				CDD543A02A0CFA2C00DCD85C /* Release */,
			);
			defaultConfigurationIsVisible = 0;
			defaultConfigurationName = Release;
		};
		CDD543A12A0CFA2C00DCD85C /* Build configuration list for PBXNativeTarget "helloUITests" */ = {
			isa = XCConfigurationList;
			buildConfigurations = (
				CDD543A22A0CFA2C00DCD85C /* Debug */,
				CDD543A32A0CFA2C00DCD85C /* Release */,
			);
			defaultConfigurationIsVisible = 0;
			defaultConfigurationName = Release;
		};
/* End XCConfigurationList section */
	};
	rootObject = CDD543692A0CFA2A00DCD85C /* Project object */;
}
